lockfileVersion: '6.0'

dependencies:
  dotenv:
    specifier: ^16.0.3
    version: 16.0.3
  moment:
    specifier: ^2.29.4
    version: 2.29.4
  twitter-api-v2:
    specifier: github:localip/node-twitter-api-v2
    version: github.com/localip/node-twitter-api-v2/d64347b776664e5fd45fe4afbfc6c30cb2b54d01
  xauth-login:
    specifier: ^1.0.1
    version: 1.0.1

devDependencies:
  '@swc/core':
    specifier: ^1.3.36
    version: 1.3.36
  '@types/node':
    specifier: ^18.14.2
    version: 18.14.2
  discord-api-types:
    specifier: ^0.37.40
    version: 0.37.40

packages:

  /@swc/core-darwin-arm64@1.3.36:
    resolution: {integrity: sha512-lsP+C8p9cC/Vd9uAbtxpEnM8GoJI/MMnVuXak7OlxOtDH9/oTwmAcAQTfNGNaH19d2FAIRwf+5RbXCPnxa2Zjw==}
    engines: {node: '>=10'}
    cpu: [arm64]
    os: [darwin]
    requiresBuild: true
    dev: true
    optional: true

  /@swc/core-darwin-x64@1.3.36:
    resolution: {integrity: sha512-jaLXsozWN5xachl9fPxDMi5nbWq1rRxPAt6ISeiYB6RJk0MQKH1634pOweBBem2pUDDzwDFXFw6f22LTm/cFvA==}
    engines: {node: '>=10'}
    cpu: [x64]
    os: [darwin]
    requiresBuild: true
    dev: true
    optional: true

  /@swc/core-linux-arm-gnueabihf@1.3.36:
    resolution: {integrity: sha512-vcBdTHjoEpvJDbFlgto+S6VwAHzLA9GyCiuNcTU2v4KNQlFzhbO4A4PMfMCb/Z0RLJEr16tirfHdWIxjU3h8nw==}
    engines: {node: '>=10'}
    cpu: [arm]
    os: [linux]
    requiresBuild: true
    dev: true
    optional: true

  /@swc/core-linux-arm64-gnu@1.3.36:
    resolution: {integrity: sha512-o7f5OsvwWppJo+qIZmrGO5+XC6DPt6noecSbRHjF6o1YAcR13ETPC14k1eC9H1YbQwpyCFNVAFXyNcUbCeQyrQ==}
    engines: {node: '>=10'}
    cpu: [arm64]
    os: [linux]
    requiresBuild: true
    dev: true
    optional: true

  /@swc/core-linux-arm64-musl@1.3.36:
    resolution: {integrity: sha512-FSHPngMi3c0fuGt9yY2Ubn5UcELi3EiPLJxBSC3X8TF9atI/WHZzK9PE9Gtn0C/LyRh4CoyOugDtSOPzGYmLQg==}
    engines: {node: '>=10'}
    cpu: [arm64]
    os: [linux]
    requiresBuild: true
    dev: true
    optional: true

  /@swc/core-linux-x64-gnu@1.3.36:
    resolution: {integrity: sha512-PHSsH2rek5pr3e0K09VgWAbrWK2vJhaI7MW9TPoTjyACYjcs3WwjcjQ30MghXUs2Dc/bXjWAOi9KFTjq/uCyFg==}
    engines: {node: '>=10'}
    cpu: [x64]
    os: [linux]
    requiresBuild: true
    dev: true
    optional: true

  /@swc/core-linux-x64-musl@1.3.36:
    resolution: {integrity: sha512-4LfMYQHzozHCKkIcmQy83b+4SpI+mOp6sYNbXqSRz5dYvTVjegKZXe596P1U/87cK2cgR4uYvkgkgBXquaWvwQ==}
    engines: {node: '>=10'}
    cpu: [x64]
    os: [linux]
    requiresBuild: true
    dev: true
    optional: true

  /@swc/core-win32-arm64-msvc@1.3.36:
    resolution: {integrity: sha512-7y3dDcun79TAjCyk3Iv0eOMw1X/KNQbkVyKOGqnEgq9g22F8F1FoUGKHNTzUqVdzpHeJSsHgW5PlkEkl3c/d9w==}
    engines: {node: '>=10'}
    cpu: [arm64]
    os: [win32]
    requiresBuild: true
    dev: true
    optional: true

  /@swc/core-win32-ia32-msvc@1.3.36:
    resolution: {integrity: sha512-zK0VR3B4LX5hzQ+7eD+K+FkxJlJg5Lo36BeahMzQ+/i0IURpnuyFlW88sdkFkMsc2swdU6bpvxLZeIRQ3W4OUg==}
    engines: {node: '>=10'}
    cpu: [ia32]
    os: [win32]
    requiresBuild: true
    dev: true
    optional: true

  /@swc/core-win32-x64-msvc@1.3.36:
    resolution: {integrity: sha512-2bIjr9DhAckGiXZEvj6z2z7ECPcTimG+wD0VuQTvr+wkx46uAJKl5Kq+Zk+dd15ErL7JGUtCet1T7bf1k4FwvQ==}
    engines: {node: '>=10'}
    cpu: [x64]
    os: [win32]
    requiresBuild: true
    dev: true
    optional: true

  /@swc/core@1.3.36:
    resolution: {integrity: sha512-Ogrd9uRNIj7nHjXxG66UlKBIcXESUenJ7OD6K2a8p82qlg6ne7Ne5Goiipm/heHYhSfVmjcnRWL9ZJ4gv+YCPA==}
    engines: {node: '>=10'}
    requiresBuild: true
    optionalDependencies:
      '@swc/core-darwin-arm64': 1.3.36
      '@swc/core-darwin-x64': 1.3.36
      '@swc/core-linux-arm-gnueabihf': 1.3.36
      '@swc/core-linux-arm64-gnu': 1.3.36
      '@swc/core-linux-arm64-musl': 1.3.36
      '@swc/core-linux-x64-gnu': 1.3.36
      '@swc/core-linux-x64-musl': 1.3.36
      '@swc/core-win32-arm64-msvc': 1.3.36
      '@swc/core-win32-ia32-msvc': 1.3.36
      '@swc/core-win32-x64-msvc': 1.3.36
    dev: true

  /@types/node@18.14.2:
    resolution: {integrity: sha512-1uEQxww3DaghA0RxqHx0O0ppVlo43pJhepY51OxuQIKHpjbnYLA7vcdwioNPzIqmC2u3I/dmylcqjlh0e7AyUA==}
    dev: true

  /discord-api-types@0.37.40:
    resolution: {integrity: sha512-LMALvtO+p6ERK8rwWoaI490NfIE/egbqjR4/rfLL1z9gQE1gqLiTpIUUDIunfAtKYzeH6ucyXhaXXWpfZh/Q6g==}
    dev: true

  /dotenv@16.0.3:
    resolution: {integrity: sha512-7GO6HghkA5fYG9TYnNxi14/7K9f5occMlp3zXAuSxn7CKCxt9xbNWG7yF8hTCSUchlfWSe3uLmlPfigevRItzQ==}
    engines: {node: '>=12'}
    dev: false

  /moment@2.29.4:
    resolution: {integrity: sha512-5LC9SOxjSc2HF6vO2CyuTDNivEdoz2IvyJJGj6X8DJ0eFyfszE0QiEd+iXmBvUP3WHxSjFH/vIsA0EN00cgr8w==}
    dev: false

  /node-fetch@2.6.9:
    resolution: {integrity: sha512-DJm/CJkZkRjKKj4Zi4BsKVZh3ValV5IR5s7LVZnW+6YMh0W1BfNA8XSs6DLMGYlId5F3KnA70uu2qepcR08Qqg==}
    engines: {node: 4.x || >=6.0.0}
    peerDependencies:
      encoding: ^0.1.0
    peerDependenciesMeta:
      encoding:
        optional: true
    dependencies:
      whatwg-url: 5.0.0
    dev: false

  /tr46@0.0.3:
    resolution: {integrity: sha512-N3WMsuqV66lT30CrXNbEjx4GEwlow3v6rr4mCcv6prnfwhS01rkgyFdjPNBYd9br7LpXV1+Emh01fHnq2Gdgrw==}
    dev: false

  /webidl-conversions@3.0.1:
    resolution: {integrity: sha512-2JAn3z8AR6rjK8Sm8orRC0h/bcl/DqL7tRPdGZ4I1CjdF+EaMLmYxBHyXuKL849eucPFhvBoxMsflfOb8kxaeQ==}
    dev: false

  /whatwg-url@5.0.0:
    resolution: {integrity: sha512-saE57nupxk6v3HY35+jzBwYa0rKSy0XR8JSxZPwgLr7ys0IBzhGviA1/TUGJLmSVqs8pb9AnvICXEuOHLprYTw==}
    dependencies:
      tr46: 0.0.3
      webidl-conversions: 3.0.1
    dev: false

  /xauth-login@1.0.1:
    resolution: {integrity: sha512-gilTBO9cVcipy8BOjISgK6dnEMCMr5jkKiYycsiSB2aCEGpHY0/jr5zp4aN65/YHKtZa/6+F4m3tv348JxFtfw==}
    dependencies:
      node-fetch: 2.6.9
    transitivePeerDependencies:
      - encoding
    dev: false

  github.com/localip/node-twitter-api-v2/d64347b776664e5fd45fe4afbfc6c30cb2b54d01:
    resolution: {tarball: https://codeload.github.com/localip/node-twitter-api-v2/tar.gz/d64347b776664e5fd45fe4afbfc6c30cb2b54d01}
    name: twitter-api-v2
    version: 1.14.1
    dev: false
